
Microsoft Visual Studio Solution File, Format Version 12.00
# Visual Studio Express 2013 for Windows Desktop
VisualStudioVersion = 12.0.21005.1
MinimumVisualStudioVersion = 10.0.40219.1
Project("{FAE04EC0-301F-11D3-BF4B-00C04F79EFBC}") = "STE", "STEmain\STE.csproj", "{ABB3AF99-6AD1-4DDF-AFF4-5BC0F2F582FC}"
EndProject
Project("{FAE04EC0-301F-11D3-BF4B-00C04F79EFBC}") = "DataAccessLayer", "DataAccessLayer\DataAccessLayer.csproj", "{3943C3B8-DEAF-4353-92C0-30A8ADB09D2A}"
EndProject
Global
	GlobalSection(SolutionConfigurationPlatforms) = preSolution
		Debug|Any CPU = Debug|Any CPU
		Release|Any CPU = Release|Any CPU
	EndGlobalSection
	GlobalSection(ProjectConfigurationPlatforms) = postSolution
		{ABB3AF99-6AD1-4DDF-AFF4-5BC0F2F582FC}.Debug|Any CPU.ActiveCfg = Debug|Any CPU
		{ABB3AF99-6AD1-4DDF-AFF4-5BC0F2F582FC}.Debug|Any CPU.Build.0 = Debug|Any CPU
		{ABB3AF99-6AD1-4DDF-AFF4-5BC0F2F582FC}.Release|Any CPU.ActiveCfg = Release|Any CPU
		{ABB3AF99-6AD1-4DDF-AFF4-5BC0F2F582FC}.Release|Any CPU.Build.0 = Release|Any CPU
		{3943C3B8-DEAF-4353-92C0-30A8ADB09D2A}.Debug|Any CPU.ActiveCfg = Debug|Any CPU
		{3943C3B8-DEAF-4353-92C0-30A8ADB09D2A}.Debug|Any CPU.Build.0 = Debug|Any CPU
		{3943C3B8-DEAF-4353-92C0-30A8ADB09D2A}.Release|Any CPU.ActiveCfg = Release|Any CPU
		{3943C3B8-DEAF-4353-92C0-30A8ADB09D2A}.Release|Any CPU.Build.0 = Release|Any CPU
	EndGlobalSection
	GlobalSection(SolutionProperties) = preSolution
		HideSolutionNode = FALSE
	EndGlobalSection
EndGlobal
